Microsoft Visual Studio Solution File, Format Version 11.00
# Visual Studio 2008

Project("{5A5BB8B0-B8A9-0160-6504-67BB9577F4B4}") = "Tatu-Jam", "Assembly-CSharp.csproj", "{E398B95A-45E9-F9CB-8DC9-D7E440BAD1C1}"
EndProject
Global
	GlobalSection(SolutionConfigurationPlatforms) = preSolution
		Debug|Any CPU = Debug|Any CPU
		Release|Any CPU = Release|Any CPU
	EndGlobalSection
	GlobalSection(ProjectConfigurationPlatforms) = postSolution
		{E398B95A-45E9-F9CB-8DC9-D7E440BAD1C1}.Debug|Any CPU.ActiveCfg = Debug|Any CPU
		{E398B95A-45E9-F9CB-8DC9-D7E440BAD1C1}.Debug|Any CPU.Build.0 = Debug|Any CPU
		{E398B95A-45E9-F9CB-8DC9-D7E440BAD1C1}.Release|Any CPU.ActiveCfg = Release|Any CPU
		{E398B95A-45E9-F9CB-8DC9-D7E440BAD1C1}.Release|Any CPU.Build.0 = Release|Any CPU
	EndGlobalSection
	GlobalSection(SolutionProperties) = preSolution
		HideSolutionNode = FALSE
	EndGlobalSection
	GlobalSection(MonoDevelopProperties) = preSolution
		StartupItem = Assembly-CSharp.csproj
	EndGlobalSection
EndGlobal
